
Microsoft Visual Studio Solution File, Format Version 12.00
# Visual Studio Version 16
VisualStudioVersion = 16.0.28407.52
MinimumVisualStudioVersion = 10.0.40219.1
Project("{FAE04EC0-301F-11D3-BF4B-00C04F79EFBC}") = "wallsetter", "wallsetter\wallsetter.csproj", "{7363B56A-BC2F-4A07-89CD-08819F8D070B}"
EndProject
Global
	GlobalSection(SolutionConfigurationPlatforms) = preSolution
		Debug|ARM = Debug|ARM
		Debug|ARM64 = Debug|ARM64
		Debug|x64 = Debug|x64
		Debug|x86 = Debug|x86
		Release|ARM = Release|ARM
		Release|ARM64 = Release|ARM64
		Release|x64 = Release|x64
		Release|x86 = Release|x86
	EndGlobalSection
	GlobalSection(ProjectConfigurationPlatforms) = postSolution
		{7363B56A-BC2F-4A07-89CD-08819F8D070B}.Debug|ARM.ActiveCfg = Debug|ARM
		{7363B56A-BC2F-4A07-89CD-08819F8D070B}.Debug|ARM.Build.0 = Debug|ARM
		{7363B56A-BC2F-4A07-89CD-08819F8D070B}.Debug|ARM.Deploy.0 = Debug|ARM
		{7363B56A-BC2F-4A07-89CD-08819F8D070B}.Debug|ARM64.ActiveCfg = Debug|x86
		{7363B56A-BC2F-4A07-89CD-08819F8D070B}.Debug|x64.ActiveCfg = Debug|x64
		{7363B56A-BC2F-4A07-89CD-08819F8D070B}.Debug|x64.Build.0 = Debug|x64
		{7363B56A-BC2F-4A07-89CD-08819F8D070B}.Debug|x64.Deploy.0 = Debug|x64
		{7363B56A-BC2F-4A07-89CD-08819F8D070B}.Debug|x86.ActiveCfg = Debug|x86
		{7363B56A-BC2F-4A07-89CD-08819F8D070B}.Debug|x86.Build.0 = Debug|x86
		{7363B56A-BC2F-4A07-89CD-08819F8D070B}.Debug|x86.Deploy.0 = Debug|x86
		{7363B56A-BC2F-4A07-89CD-08819F8D070B}.Release|ARM.ActiveCfg = Release|ARM
		{7363B56A-BC2F-4A07-89CD-08819F8D070B}.Release|ARM.Build.0 = Release|ARM
		{7363B56A-BC2F-4A07-89CD-08819F8D070B}.Release|ARM.Deploy.0 = Release|ARM
		{7363B56A-BC2F-4A07-89CD-08819F8D070B}.Release|ARM64.ActiveCfg = Release|x86
		{7363B56A-BC2F-4A07-89CD-08819F8D070B}.Release|x64.ActiveCfg = Release|x64
		{7363B56A-BC2F-4A07-89CD-08819F8D070B}.Release|x64.Build.0 = Release|x64
		{7363B56A-BC2F-4A07-89CD-08819F8D070B}.Release|x64.Deploy.0 = Release|x64
		{7363B56A-BC2F-4A07-89CD-08819F8D070B}.Release|x86.ActiveCfg = Release|x86
		{7363B56A-BC2F-4A07-89CD-08819F8D070B}.Release|x86.Build.0 = Release|x86
		{7363B56A-BC2F-4A07-89CD-08819F8D070B}.Release|x86.Deploy.0 = Release|x86
	EndGlobalSection
	GlobalSection(SolutionProperties) = preSolution
		HideSolutionNode = FALSE
	EndGlobalSection
	GlobalSection(ExtensibilityGlobals) = postSolution
		SolutionGuid = {BCC94C3C-7CED-45AD-AE2D-5EF37E21456F}
	EndGlobalSection
EndGlobal
